
Microsoft Visual Studio Solution File, Format Version 12.00
# Visual Studio Version 17
VisualStudioVersion = 17.13.35931.197
MinimumVisualStudioVersion = 10.0.40219.1
Project("{FAE04EC0-301F-11D3-BF4B-00C04F79EFBC}") = "EnbridgeScrapperFunction", "EnbridgeScrapperFunction\EnbridgeScrapperFunction.csproj", "{2DE2B249-2D81-7B36-3082-267BEFC41FF8}"
EndProject
Project("{FAE04EC0-301F-11D3-BF4B-00C04F79EFBC}") = "AiNoticeProcessor", "AiNoticeProcessor\AiNoticeProcessor.csproj", "{1A5FA864-A6EB-4C9C-9FCD-A9D9BEF54869}"
EndProject
Global
	GlobalSection(SolutionConfigurationPlatforms) = preSolution
		Debug|Any CPU = Debug|Any CPU
		Release|Any CPU = Release|Any CPU
	EndGlobalSection
	GlobalSection(ProjectConfigurationPlatforms) = postSolution
		{2DE2B249-2D81-7B36-3082-267BEFC41FF8}.Debug|Any CPU.ActiveCfg = Debug|Any CPU
		{2DE2B249-2D81-7B36-3082-267BEFC41FF8}.Debug|Any CPU.Build.0 = Debug|Any CPU
		{2DE2B249-2D81-7B36-3082-267BEFC41FF8}.Release|Any CPU.ActiveCfg = Release|Any CPU
		{2DE2B249-2D81-7B36-3082-267BEFC41FF8}.Release|Any CPU.Build.0 = Release|Any CPU
		{1A5FA864-A6EB-4C9C-9FCD-A9D9BEF54869}.Debug|Any CPU.ActiveCfg = Debug|Any CPU
		{1A5FA864-A6EB-4C9C-9FCD-A9D9BEF54869}.Debug|Any CPU.Build.0 = Debug|Any CPU
		{1A5FA864-A6EB-4C9C-9FCD-A9D9BEF54869}.Release|Any CPU.ActiveCfg = Release|Any CPU
		{1A5FA864-A6EB-4C9C-9FCD-A9D9BEF54869}.Release|Any CPU.Build.0 = Release|Any CPU
	EndGlobalSection
	GlobalSection(SolutionProperties) = preSolution
		HideSolutionNode = FALSE
	EndGlobalSection
	GlobalSection(ExtensibilityGlobals) = postSolution
		SolutionGuid = {77A1EFD1-3D93-4F20-8A32-9FC304FAA85E}
	EndGlobalSection
EndGlobal
